
Microsoft Visual Studio Solution File, Format Version 12.00
# Visual Studio 15
VisualStudioVersion = 15.0.27130.2010
MinimumVisualStudioVersion = 10.0.40219.1
Project("{FAE04EC0-301F-11D3-BF4B-00C04F79EFBC}") = "CameraApp", "CameraApp\CameraApp.csproj", "{C91DCCB1-7F43-4556-9415-3C809C541C49}"
EndProject
Global
	GlobalSection(SolutionConfigurationPlatforms) = preSolution
		Debug|Any CPU = Debug|Any CPU
		Release|Any CPU = Release|Any CPU
	EndGlobalSection
	GlobalSection(ProjectConfigurationPlatforms) = postSolution
		{C91DCCB1-7F43-4556-9415-3C809C541C49}.Debug|Any CPU.ActiveCfg = Debug|Any CPU
		{C91DCCB1-7F43-4556-9415-3C809C541C49}.Debug|Any CPU.Build.0 = Debug|Any CPU
		{C91DCCB1-7F43-4556-9415-3C809C541C49}.Debug|Any CPU.Deploy.0 = Debug|Any CPU
		{C91DCCB1-7F43-4556-9415-3C809C541C49}.Release|Any CPU.ActiveCfg = Release|Any CPU
		{C91DCCB1-7F43-4556-9415-3C809C541C49}.Release|Any CPU.Build.0 = Release|Any CPU
		{C91DCCB1-7F43-4556-9415-3C809C541C49}.Release|Any CPU.Deploy.0 = Release|Any CPU
	EndGlobalSection
	GlobalSection(SolutionProperties) = preSolution
		HideSolutionNode = FALSE
	EndGlobalSection
	GlobalSection(ExtensibilityGlobals) = postSolution
		SolutionGuid = {CE64E20E-0033-4968-9E9B-66129DEA97DC}
	EndGlobalSection
EndGlobal
