
Microsoft Visual Studio Solution File, Format Version 12.00
# Visual Studio 15
VisualStudioVersion = 15.0.26730.12
MinimumVisualStudioVersion = 10.0.40219.1
Project("{FAE04EC0-301F-11D3-BF4B-00C04F79EFBC}") = "FirstApp", "FirstApp\FirstApp.csproj", "{1CF7CFAB-C7EA-4150-8148-EF459B45DCA4}"
EndProject
Global
	GlobalSection(SolutionConfigurationPlatforms) = preSolution
		Debug|Any CPU = Debug|Any CPU
		Release|Any CPU = Release|Any CPU
	EndGlobalSection
	GlobalSection(ProjectConfigurationPlatforms) = postSolution
		{1CF7CFAB-C7EA-4150-8148-EF459B45DCA4}.Debug|Any CPU.ActiveCfg = Debug|Any CPU
		{1CF7CFAB-C7EA-4150-8148-EF459B45DCA4}.Debug|Any CPU.Build.0 = Debug|Any CPU
		{1CF7CFAB-C7EA-4150-8148-EF459B45DCA4}.Debug|Any CPU.Deploy.0 = Debug|Any CPU
		{1CF7CFAB-C7EA-4150-8148-EF459B45DCA4}.Release|Any CPU.ActiveCfg = Release|Any CPU
		{1CF7CFAB-C7EA-4150-8148-EF459B45DCA4}.Release|Any CPU.Build.0 = Release|Any CPU
		{1CF7CFAB-C7EA-4150-8148-EF459B45DCA4}.Release|Any CPU.Deploy.0 = Release|Any CPU
	EndGlobalSection
	GlobalSection(SolutionProperties) = preSolution
		HideSolutionNode = FALSE
	EndGlobalSection
	GlobalSection(ExtensibilityGlobals) = postSolution
		SolutionGuid = {77EEB180-744E-4485-B804-89E4B34F295D}
	EndGlobalSection
EndGlobal
