
Microsoft Visual Studio Solution File, Format Version 12.00
# Visual Studio 15
VisualStudioVersion = 15.0.27130.2010
MinimumVisualStudioVersion = 10.0.40219.1
Project("{FAE04EC0-301F-11D3-BF4B-00C04F79EFBC}") = "Jacob Konicke's Questionnaire app", "App1\Jacob Konicke's Questionnaire app.csproj", "{AF0DA017-65A9-4E65-9D1B-9AB1F7FFC6C0}"
EndProject
Global
	GlobalSection(SolutionConfigurationPlatforms) = preSolution
		Debug|Any CPU = Debug|Any CPU
		Release|Any CPU = Release|Any CPU
	EndGlobalSection
	GlobalSection(ProjectConfigurationPlatforms) = postSolution
		{AF0DA017-65A9-4E65-9D1B-9AB1F7FFC6C0}.Debug|Any CPU.ActiveCfg = Debug|Any CPU
		{AF0DA017-65A9-4E65-9D1B-9AB1F7FFC6C0}.Debug|Any CPU.Build.0 = Debug|Any CPU
		{AF0DA017-65A9-4E65-9D1B-9AB1F7FFC6C0}.Debug|Any CPU.Deploy.0 = Debug|Any CPU
		{AF0DA017-65A9-4E65-9D1B-9AB1F7FFC6C0}.Release|Any CPU.ActiveCfg = Release|Any CPU
		{AF0DA017-65A9-4E65-9D1B-9AB1F7FFC6C0}.Release|Any CPU.Build.0 = Release|Any CPU
		{AF0DA017-65A9-4E65-9D1B-9AB1F7FFC6C0}.Release|Any CPU.Deploy.0 = Release|Any CPU
	EndGlobalSection
	GlobalSection(SolutionProperties) = preSolution
		HideSolutionNode = FALSE
	EndGlobalSection
	GlobalSection(ExtensibilityGlobals) = postSolution
		SolutionGuid = {CFE351B0-8D75-44AE-8843-B112EE19B138}
	EndGlobalSection
EndGlobal
