
Microsoft Visual Studio Solution File, Format Version 12.00
# Visual Studio 15
VisualStudioVersion = 15.0.27130.2010
MinimumVisualStudioVersion = 10.0.40219.1
Project("{FAE04EC0-301F-11D3-BF4B-00C04F79EFBC}") = "Image Manipulator", "Image Manipulator\Image Manipulator.csproj", "{5183B846-6B2B-4C66-A395-B388764B9BFF}"
EndProject
Global
	GlobalSection(SolutionConfigurationPlatforms) = preSolution
		Debug|Any CPU = Debug|Any CPU
		Release|Any CPU = Release|Any CPU
	EndGlobalSection
	GlobalSection(ProjectConfigurationPlatforms) = postSolution
		{5183B846-6B2B-4C66-A395-B388764B9BFF}.Debug|Any CPU.ActiveCfg = Debug|Any CPU
		{5183B846-6B2B-4C66-A395-B388764B9BFF}.Debug|Any CPU.Build.0 = Debug|Any CPU
		{5183B846-6B2B-4C66-A395-B388764B9BFF}.Debug|Any CPU.Deploy.0 = Debug|Any CPU
		{5183B846-6B2B-4C66-A395-B388764B9BFF}.Release|Any CPU.ActiveCfg = Release|Any CPU
		{5183B846-6B2B-4C66-A395-B388764B9BFF}.Release|Any CPU.Build.0 = Release|Any CPU
		{5183B846-6B2B-4C66-A395-B388764B9BFF}.Release|Any CPU.Deploy.0 = Release|Any CPU
	EndGlobalSection
	GlobalSection(SolutionProperties) = preSolution
		HideSolutionNode = FALSE
	EndGlobalSection
	GlobalSection(ExtensibilityGlobals) = postSolution
		SolutionGuid = {4E49FDD2-0EEA-4D7B-B859-1ED2DDC40E0A}
	EndGlobalSection
EndGlobal
