
Microsoft Visual Studio Solution File, Format Version 12.00
# Visual Studio 15
VisualStudioVersion = 15.0.27130.2024
MinimumVisualStudioVersion = 10.0.40219.1
Project("{FAE04EC0-301F-11D3-BF4B-00C04F79EFBC}") = "App1", "App1\App1.csproj", "{187D52C5-B5F5-45D7-AC06-6375DB5DB121}"
EndProject
Global
	GlobalSection(SolutionConfigurationPlatforms) = preSolution
		Debug|Any CPU = Debug|Any CPU
		Release|Any CPU = Release|Any CPU
	EndGlobalSection
	GlobalSection(ProjectConfigurationPlatforms) = postSolution
		{187D52C5-B5F5-45D7-AC06-6375DB5DB121}.Debug|Any CPU.ActiveCfg = Debug|Any CPU
		{187D52C5-B5F5-45D7-AC06-6375DB5DB121}.Debug|Any CPU.Build.0 = Debug|Any CPU
		{187D52C5-B5F5-45D7-AC06-6375DB5DB121}.Debug|Any CPU.Deploy.0 = Debug|Any CPU
		{187D52C5-B5F5-45D7-AC06-6375DB5DB121}.Release|Any CPU.ActiveCfg = Release|Any CPU
		{187D52C5-B5F5-45D7-AC06-6375DB5DB121}.Release|Any CPU.Build.0 = Release|Any CPU
		{187D52C5-B5F5-45D7-AC06-6375DB5DB121}.Release|Any CPU.Deploy.0 = Release|Any CPU
	EndGlobalSection
	GlobalSection(SolutionProperties) = preSolution
		HideSolutionNode = FALSE
	EndGlobalSection
	GlobalSection(ExtensibilityGlobals) = postSolution
		SolutionGuid = {0B3F0CAC-EFD7-49CC-986F-25B226AB5F76}
	EndGlobalSection
EndGlobal
