
Microsoft Visual Studio Solution File, Format Version 12.00
# Visual Studio 15
VisualStudioVersion = 15.0.27130.2010
MinimumVisualStudioVersion = 10.0.40219.1
Project("{FAE04EC0-301F-11D3-BF4B-00C04F79EFBC}") = "MultiFuncApp", "MultiFuncApp\MultiFuncApp.csproj", "{6D664285-4FAD-41DF-8CC9-98E485413278}"
EndProject
Global
	GlobalSection(SolutionConfigurationPlatforms) = preSolution
		Debug|Any CPU = Debug|Any CPU
		Release|Any CPU = Release|Any CPU
	EndGlobalSection
	GlobalSection(ProjectConfigurationPlatforms) = postSolution
		{6D664285-4FAD-41DF-8CC9-98E485413278}.Debug|Any CPU.ActiveCfg = Debug|Any CPU
		{6D664285-4FAD-41DF-8CC9-98E485413278}.Debug|Any CPU.Build.0 = Debug|Any CPU
		{6D664285-4FAD-41DF-8CC9-98E485413278}.Debug|Any CPU.Deploy.0 = Debug|Any CPU
		{6D664285-4FAD-41DF-8CC9-98E485413278}.Release|Any CPU.ActiveCfg = Release|Any CPU
		{6D664285-4FAD-41DF-8CC9-98E485413278}.Release|Any CPU.Build.0 = Release|Any CPU
		{6D664285-4FAD-41DF-8CC9-98E485413278}.Release|Any CPU.Deploy.0 = Release|Any CPU
	EndGlobalSection
	GlobalSection(SolutionProperties) = preSolution
		HideSolutionNode = FALSE
	EndGlobalSection
	GlobalSection(ExtensibilityGlobals) = postSolution
		SolutionGuid = {0C68A8EE-47AE-4131-82E8-E0AA3C11B40A}
	EndGlobalSection
EndGlobal
