
Microsoft Visual Studio Solution File, Format Version 12.00
# Visual Studio 15
VisualStudioVersion = 15.0.27130.2010
MinimumVisualStudioVersion = 10.0.40219.1
Project("{FAE04EC0-301F-11D3-BF4B-00C04F79EFBC}") = "QuestionareApp", "QuestionareApp\QuestionareApp.csproj", "{AC53F8F3-2A5C-4F6B-91A1-FF8E5C470114}"
EndProject
Global
	GlobalSection(SolutionConfigurationPlatforms) = preSolution
		Debug|Any CPU = Debug|Any CPU
		Release|Any CPU = Release|Any CPU
	EndGlobalSection
	GlobalSection(ProjectConfigurationPlatforms) = postSolution
		{AC53F8F3-2A5C-4F6B-91A1-FF8E5C470114}.Debug|Any CPU.ActiveCfg = Debug|Any CPU
		{AC53F8F3-2A5C-4F6B-91A1-FF8E5C470114}.Debug|Any CPU.Build.0 = Debug|Any CPU
		{AC53F8F3-2A5C-4F6B-91A1-FF8E5C470114}.Debug|Any CPU.Deploy.0 = Debug|Any CPU
		{AC53F8F3-2A5C-4F6B-91A1-FF8E5C470114}.Release|Any CPU.ActiveCfg = Release|Any CPU
		{AC53F8F3-2A5C-4F6B-91A1-FF8E5C470114}.Release|Any CPU.Build.0 = Release|Any CPU
		{AC53F8F3-2A5C-4F6B-91A1-FF8E5C470114}.Release|Any CPU.Deploy.0 = Release|Any CPU
	EndGlobalSection
	GlobalSection(SolutionProperties) = preSolution
		HideSolutionNode = FALSE
	EndGlobalSection
	GlobalSection(ExtensibilityGlobals) = postSolution
		SolutionGuid = {F0982341-D5A0-4ED4-BCC8-D4C3F6515EBC}
	EndGlobalSection
EndGlobal
