
Microsoft Visual Studio Solution File, Format Version 12.00
# Visual Studio 15
VisualStudioVersion = 15.0.27130.2024
MinimumVisualStudioVersion = 10.0.40219.1
Project("{FAE04EC0-301F-11D3-BF4B-00C04F79EFBC}") = "Postfix Calculator", "Postfix Calculator\Postfix Calculator.csproj", "{D652A731-6DD1-4548-ADD1-B35998D39672}"
EndProject
Global
	GlobalSection(SolutionConfigurationPlatforms) = preSolution
		Debug|Any CPU = Debug|Any CPU
		Release|Any CPU = Release|Any CPU
	EndGlobalSection
	GlobalSection(ProjectConfigurationPlatforms) = postSolution
		{D652A731-6DD1-4548-ADD1-B35998D39672}.Debug|Any CPU.ActiveCfg = Debug|Any CPU
		{D652A731-6DD1-4548-ADD1-B35998D39672}.Debug|Any CPU.Build.0 = Debug|Any CPU
		{D652A731-6DD1-4548-ADD1-B35998D39672}.Debug|Any CPU.Deploy.0 = Debug|Any CPU
		{D652A731-6DD1-4548-ADD1-B35998D39672}.Release|Any CPU.ActiveCfg = Release|Any CPU
		{D652A731-6DD1-4548-ADD1-B35998D39672}.Release|Any CPU.Build.0 = Release|Any CPU
		{D652A731-6DD1-4548-ADD1-B35998D39672}.Release|Any CPU.Deploy.0 = Release|Any CPU
	EndGlobalSection
	GlobalSection(SolutionProperties) = preSolution
		HideSolutionNode = FALSE
	EndGlobalSection
	GlobalSection(ExtensibilityGlobals) = postSolution
		SolutionGuid = {6D3133A5-9F6A-49CF-85BE-00AC4348E752}
	EndGlobalSection
EndGlobal
